
Microsoft Visual Studio Solution File, Format Version 12.00
# Visual Studio Version 17
VisualStudioVersion = 17.3.32929.385
MinimumVisualStudioVersion = 10.0.40219.1
Project("{8BC9CEB8-8B4A-11D0-8D11-00A0C91BC942}") = "OpenGLProject", "OpenGLProject.vcxproj", "{B688F2FF-27E5-4F64-A09E-0582F3FFF484}"
EndProject
Global
	GlobalSection(SolutionConfigurationPlatforms) = preSolution
		Debug|x64 = Debug|x64
		Debug|x86 = Debug|x86
		Release|x64 = Release|x64
		Release|x86 = Release|x86
	EndGlobalSection
	GlobalSection(ProjectConfigurationPlatforms) = postSolution
		{B688F2FF-27E5-4F64-A09E-0582F3FFF484}.Debug|x64.ActiveCfg = Debug|x64
		{B688F2FF-27E5-4F64-A09E-0582F3FFF484}.Debug|x64.Build.0 = Debug|x64
		{B688F2FF-27E5-4F64-A09E-0582F3FFF484}.Debug|x86.ActiveCfg = Debug|Win32
		{B688F2FF-27E5-4F64-A09E-0582F3FFF484}.Debug|x86.Build.0 = Debug|Win32
		{B688F2FF-27E5-4F64-A09E-0582F3FFF484}.Release|x64.ActiveCfg = Release|x64
		{B688F2FF-27E5-4F64-A09E-0582F3FFF484}.Release|x64.Build.0 = Release|x64
		{B688F2FF-27E5-4F64-A09E-0582F3FFF484}.Release|x86.ActiveCfg = Release|Win32
		{B688F2FF-27E5-4F64-A09E-0582F3FFF484}.Release|x86.Build.0 = Release|Win32
	EndGlobalSection
	GlobalSection(SolutionProperties) = preSolution
		HideSolutionNode = FALSE
	EndGlobalSection
	GlobalSection(ExtensibilityGlobals) = postSolution
		SolutionGuid = {7910E88D-F8BE-4E05-9032-13EF3B7ECB3D}
	EndGlobalSection
EndGlobal
